// !$*UTF8*$!
{
	archiveVersion = 1;
	classes = {
	};
	objectVersion = 46;
	objects = {

/* Begin PBXBuildFile section */
		F2C2D9191AAE4B97009E8A72 /* main.m in Sources */ = {isa = PBXBuildFile; fileRef = F2C2D9181AAE4B97009E8A72 /* main.m */; };
		F2C2D91C1AAE4B97009E8A72 /* AppDelegate.m in Sources */ = {isa = PBXBuildFile; fileRef = F2C2D91B1AAE4B97009E8A72 /* AppDelegate.m */; };
		F2C2D91F1AAE4B97009E8A72 /* ViewController.m in Sources */ = {isa = PBXBuildFile; fileRef = F2C2D91E1AAE4B97009E8A72 /* ViewController.m */; };
		F2C2D9221AAE4B97009E8A72 /* Main.storyboard in Resources */ = {isa = PBXBuildFile; fileRef = F2C2D9201AAE4B97009E8A72 /* Main.storyboard */; };
		F2C2D9241AAE4B97009E8A72 /* Images.xcassets in Resources */ = {isa = PBXBuildFile; fileRef = F2C2D9231AAE4B97009E8A72 /* Images.xcassets */; };
		F2C2D9271AAE4B97009E8A72 /* LaunchScreen.xib in Resources */ = {isa = PBXBuildFile; fileRef = F2C2D9251AAE4B97009E8A72 /* LaunchScreen.xib */; };
		F2C2D9331AAE4B97009E8A72 /* MultiplyChallengeTests.m in Sources */ = {isa = PBXBuildFile; fileRef = F2C2D9321AAE4B97009E8A72 /* MultiplyChallengeTests.m */; };
/* End PBXBuildFile section */

/* Begin PBXContainerItemProxy section */
		F2C2D92D1AAE4B97009E8A72 /* PBXContainerItemProxy */ = {
			isa = PBXContainerItemProxy;
			containerPortal = F2C2D90B1AAE4B97009E8A72 /* Project object */;
			proxyType = 1;
			remoteGlobalIDString = F2C2D9121AAE4B97009E8A72;
			remoteInfo = MultiplyChallenge;
		};
/* End PBXContainerItemProxy section */

/* Begin PBXFileReference section */
		F2C2D9131AAE4B97009E8A72 /* MultiplyChallenge.app */ = {isa = PBXFileReference; explicitFileType = wrapper.application; includeInIndex = 0; path = MultiplyChallenge.app; sourceTree = BUILT_PRODUCTS_DIR; };
		F2C2D9171AAE4B97009E8A72 /* Info.plist */ = {isa = PBXFileReference; lastKnownFileType = text.plist.xml; path = Info.plist; sourceTree = "<group>"; };
		F2C2D9181AAE4B97009E8A72 /* main.m */ = {isa = PBXFileReference; lastKnownFileType = sourcecode.c.objc; path = main.m; sourceTree = "<group>"; };
		F2C2D91A1AAE4B97009E8A72 /* AppDelegate.h */ = {isa = PBXFileReference; lastKnownFileType = sourcecode.c.h; path = AppDelegate.h; sourceTree = "<group>"; };
		F2C2D91B1AAE4B97009E8A72 /* AppDelegate.m */ = {isa = PBXFileReference; lastKnownFileType = sourcecode.c.objc; path = AppDelegate.m; sourceTree = "<group>"; };
		F2C2D91D1AAE4B97009E8A72 /* ViewController.h */ = {isa = PBXFileReference; lastKnownFileType = sourcecode.c.h; path = ViewController.h; sourceTree = "<group>"; };
		F2C2D91E1AAE4B97009E8A72 /* ViewController.m */ = {isa = PBXFileReference; lastKnownFileType = sourcecode.c.objc; path = ViewController.m; sourceTree = "<group>"; };
		F2C2D9211AAE4B97009E8A72 /* Base */ = {isa = PBXFileReference; lastKnownFileType = file.storyboard; name = Base; path = Base.lproj/Main.storyboard; sourceTree = "<group>"; };
		F2C2D9231AAE4B97009E8A72 /* Images.xcassets */ = {isa = PBXFileReference; lastKnownFileType = folder.assetcatalog; path = Images.xcassets; sourceTree = "<group>"; };
		F2C2D9261AAE4B97009E8A72 /* Base */ = {isa = PBXFileReference; lastKnownFileType = file.xib; name = Base; path = Base.lproj/LaunchScreen.xib; sourceTree = "<group>"; };
		F2C2D92C1AAE4B97009E8A72 /* MultiplyChallengeTests.xctest */ = {isa = PBXFileReference; explicitFileType = wrapper.cfbundle; includeInIndex = 0; path = MultiplyChallengeTests.xctest; sourceTree = BUILT_PRODUCTS_DIR; };
		F2C2D9311AAE4B97009E8A72 /* Info.plist */ = {isa = PBXFileReference; lastKnownFileType = text.plist.xml; path = Info.plist; sourceTree = "<group>"; };
		F2C2D9321AAE4B97009E8A72 /* MultiplyChallengeTests.m */ = {isa = PBXFileReference; lastKnownFileType = sourcecode.c.objc; path = MultiplyChallengeTests.m; sourceTree = "<group>"; };
/* End PBXFileReference section */

/* Begin PBXFrameworksBuildPhase section */
		F2C2D9101AAE4B97009E8A72 /* Frameworks */ = {
			isa = PBXFrameworksBuildPhase;
			buildActionMask = 2147483647;
			files = (
			);
			runOnlyForDeploymentPostprocessing = 0;
		};
		F2C2D9291AAE4B97009E8A72 /* Frameworks */ = {
			isa = PBXFrameworksBuildPhase;
			buildActionMask = 2147483647;
			files = (
			);
			runOnlyForDeploymentPostprocessing = 0;
		};
/* End PBXFrameworksBuildPhase section */

/* Begin PBXGroup section */
		F2C2D90A1AAE4B97009E8A72 = {
			isa = PBXGroup;
			children = (
				F2C2D9151AAE4B97009E8A72 /* MultiplyChallenge */,
				F2C2D92F1AAE4B97009E8A72 /* MultiplyChallengeTests */,
				F2C2D9141AAE4B97009E8A72 /* Products */,
			);
			sourceTree = "<group>";
		};
		F2C2D9141AAE4B97009E8A72 /* Products */ = {
			isa = PBXGroup;
			children = (
				F2C2D9131AAE4B97009E8A72 /* MultiplyChallenge.app */,
				F2C2D92C1AAE4B97009E8A72 /* MultiplyChallengeTests.xctest */,
			);
			name = Products;
			sourceTree = "<group>";
		};
		F2C2D9151AAE4B97009E8A72 /* MultiplyChallenge */ = {
			isa = PBXGroup;
			children = (
				F2C2D91A1AAE4B97009E8A72 /* AppDelegate.h */,
				F2C2D91B1AAE4B97009E8A72 /* AppDelegate.m */,
				F2C2D91D1AAE4B97009E8A72 /* ViewController.h */,
				F2C2D91E1AAE4B97009E8A72 /* ViewController.m */,
				F2C2D9201AAE4B97009E8A72 /* Main.storyboard */,
				F2C2D9231AAE4B97009E8A72 /* Images.xcassets */,
				F2C2D9251AAE4B97009E8A72 /* LaunchScreen.xib */,
				F2C2D9161AAE4B97009E8A72 /* Supporting Files */,
			);
			path = MultiplyChallenge;
			sourceTree = "<group>";
		};
		F2C2D9161AAE4B97009E8A72 /* Supporting Files */ = {
			isa = PBXGroup;
			children = (
				F2C2D9171AAE4B97009E8A72 /* Info.plist */,
				F2C2D9181AAE4B97009E8A72 /* main.m */,
			);
			name = "Supporting Files";
			sourceTree = "<group>";
		};
		F2C2D92F1AAE4B97009E8A72 /* MultiplyChallengeTests */ = {
			isa = PBXGroup;
			children = (
				F2C2D9321AAE4B97009E8A72 /* MultiplyChallengeTests.m */,
				F2C2D9301AAE4B97009E8A72 /* Supporting Files */,
			);
			path = MultiplyChallengeTests;
			sourceTree = "<group>";
		};
		F2C2D9301AAE4B97009E8A72 /* Supporting Files */ = {
			isa = PBXGroup;
			children = (
				F2C2D9311AAE4B97009E8A72 /* Info.plist */,
			);
			name = "Supporting Files";
			sourceTree = "<group>";
		};
/* End PBXGroup section */

/* Begin PBXNativeTarget section */
		F2C2D9121AAE4B97009E8A72 /* MultiplyChallenge */ = {
			isa = PBXNativeTarget;
			buildConfigurationList = F2C2D9361AAE4B97009E8A72 /* Build configuration list for PBXNativeTarget "MultiplyChallenge" */;
			buildPhases = (
				F2C2D90F1AAE4B97009E8A72 /* Sources */,
				F2C2D9101AAE4B97009E8A72 /* Frameworks */,
				F2C2D9111AAE4B97009E8A72 /* Resources */,
			);
			buildRules = (
			);
			dependencies = (
			);
			name = MultiplyChallenge;
			productName = MultiplyChallenge;
			productReference = F2C2D9131AAE4B97009E8A72 /* MultiplyChallenge.app */;
			productType = "com.apple.product-type.application";
		};
		F2C2D92B1AAE4B97009E8A72 /* MultiplyChallengeTests */ = {
			isa = PBXNativeTarget;
			buildConfigurationList = F2C2D9391AAE4B97009E8A72 /* Build configuration list for PBXNativeTarget "MultiplyChallengeTests" */;
			buildPhases = (
				F2C2D9281AAE4B97009E8A72 /* Sources */,
				F2C2D9291AAE4B97009E8A72 /* Frameworks */,
				F2C2D92A1AAE4B97009E8A72 /* Resources */,
			);
			buildRules = (
			);
			dependencies = (
				F2C2D92E1AAE4B97009E8A72 /* PBXTargetDependency */,
			);
			name = MultiplyChallengeTests;
			productName = MultiplyChallengeTests;
			productReference = F2C2D92C1AAE4B97009E8A72 /* MultiplyChallengeTests.xctest */;
			productType = "com.apple.product-type.bundle.unit-test";
		};
/* End PBXNativeTarget section */

/* Begin PBXProject section */
		F2C2D90B1AAE4B97009E8A72 /* Project object */ = {
			isa = PBXProject;
			attributes = {
				LastUpgradeCheck = 0610;
				ORGANIZATIONNAME = Ron;
				TargetAttributes = {
					F2C2D9121AAE4B97009E8A72 = {
						CreatedOnToolsVersion = 6.1.1;
					};
					F2C2D92B1AAE4B97009E8A72 = {
						CreatedOnToolsVersion = 6.1.1;
						TestTargetID = F2C2D9121AAE4B97009E8A72;
					};
				};
			};
			buildConfigurationList = F2C2D90E1AAE4B97009E8A72 /* Build configuration list for PBXProject "MultiplyChallenge" */;
			compatibilityVersion = "Xcode 3.2";
			developmentRegion = English;
			hasScannedForEncodings = 0;
			knownRegions = (
				en,
				Base,
			);
			mainGroup = F2C2D90A1AAE4B97009E8A72;
			productRefGroup = F2C2D9141AAE4B97009E8A72 /* Products */;
			projectDirPath = "";
			projectRoot = "";
			targets = (
				F2C2D9121AAE4B97009E8A72 /* MultiplyChallenge */,
				F2C2D92B1AAE4B97009E8A72 /* MultiplyChallengeTests */,
			);
		};
/* End PBXProject section */

/* Begin PBXResourcesBuildPhase section */
		F2C2D9111AAE4B97009E8A72 /* Resources */ = {
			isa = PBXResourcesBuildPhase;
			buildActionMask = 2147483647;
			files = (
				F2C2D9221AAE4B97009E8A72 /* Main.storyboard in Resources */,
				F2C2D9271AAE4B97009E8A72 /* LaunchScreen.xib in Resources */,
				F2C2D9241AAE4B97009E8A72 /* Images.xcassets in Resources */,
			);
			runOnlyForDeploymentPostprocessing = 0;
		};
		F2C2D92A1AAE4B97009E8A72 /* Resources */ = {
			isa = PBXResourcesBuildPhase;
			buildActionMask = 2147483647;
			files = (
			);
			runOnlyForDeploymentPostprocessing = 0;
		};
/* End PBXResourcesBuildPhase section */

/* Begin PBXSourcesBuildPhase section */
		F2C2D90F1AAE4B97009E8A72 /* Sources */ = {
			isa = PBXSourcesBuildPhase;
			buildActionMask = 2147483647;
			files = (
				F2C2D91F1AAE4B97009E8A72 /* ViewController.m in Sources */,
				F2C2D91C1AAE4B97009E8A72 /* AppDelegate.m in Sources */,
				F2C2D9191AAE4B97009E8A72 /* main.m in Sources */,
			);
			runOnlyForDeploymentPostprocessing = 0;
		};
		F2C2D9281AAE4B97009E8A72 /* Sources */ = {
			isa = PBXSourcesBuildPhase;
			buildActionMask = 2147483647;
			files = (
				F2C2D9331AAE4B97009E8A72 /* MultiplyChallengeTests.m in Sources */,
			);
			runOnlyForDeploymentPostprocessing = 0;
		};
/* End PBXSourcesBuildPhase section */

/* Begin PBXTargetDependency section */
		F2C2D92E1AAE4B97009E8A72 /* PBXTargetDependency */ = {
			isa = PBXTargetDependency;
			target = F2C2D9121AAE4B97009E8A72 /* MultiplyChallenge */;
			targetProxy = F2C2D92D1AAE4B97009E8A72 /* PBXContainerItemProxy */;
		};
/* End PBXTargetDependency section */

/* Begin PBXVariantGroup section */
		F2C2D9201AAE4B97009E8A72 /* Main.storyboard */ = {
			isa = PBXVariantGroup;
			children = (
				F2C2D9211AAE4B97009E8A72 /* Base */,
			);
			name = Main.storyboard;
			sourceTree = "<group>";
		};
		F2C2D9251AAE4B97009E8A72 /* LaunchScreen.xib */ = {
			isa = PBXVariantGroup;
			children = (
				F2C2D9261AAE4B97009E8A72 /* Base */,
			);
			name = LaunchScreen.xib;
			sourceTree = "<group>";
		};
/* End PBXVariantGroup section */

/* Begin XCBuildConfiguration section */
		F2C2D9341AAE4B97009E8A72 /* Debug */ = {
			isa = XCBuildConfiguration;
			buildSettings = {
				ALWAYS_SEARCH_USER_PATHS = NO;
				CLANG_CXX_LANGUAGE_STANDARD = "gnu++0x";
				CLANG_CXX_LIBRARY = "libc++";
				CLANG_ENABLE_MODULES = YES;
				CLANG_ENABLE_OBJC_ARC = YES;
				CLANG_WARN_BOOL_CONVERSION = YES;
				CLANG_WARN_CONSTANT_CONVERSION = YES;
				CLANG_WARN_DIRECT_OBJC_ISA_USAGE = YES_ERROR;
				CLANG_WARN_EMPTY_BODY = YES;
				CLANG_WARN_ENUM_CONVERSION = YES;
				CLANG_WARN_INT_CONVERSION = YES;
				CLANG_WARN_OBJC_ROOT_CLASS = YES_ERROR;
				CLANG_WARN_UNREACHABLE_CODE = YES;
				CLANG_WARN__DUPLICATE_METHOD_MATCH = YES;
				"CODE_SIGN_IDENTITY[sdk=iphoneos*]" = "iPhone Developer";
				COPY_PHASE_STRIP = NO;
				ENABLE_STRICT_OBJC_MSGSEND = YES;
				GCC_C_LANGUAGE_STANDARD = gnu99;
				GCC_DYNAMIC_NO_PIC = NO;
				GCC_OPTIMIZATION_LEVEL = 0;
				GCC_PREPROCESSOR_DEFINITIONS = (
					"DEBUG=1",
					"$(inherited)",
				);
				GCC_SYMBOLS_PRIVATE_EXTERN = NO;
				GCC_WARN_64_TO_32_BIT_CONVERSION = YES;
				GCC_WARN_ABOUT_RETURN_TYPE = YES_ERROR;
				GCC_WARN_UNDECLARED_SELECTOR = YES;
				GCC_WARN_UNINITIALIZED_AUTOS = YES_AGGRESSIVE;
				GCC_WARN_UNUSED_FUNCTION = YES;
				GCC_WARN_UNUSED_VARIABLE = YES;
				IPHONEOS_DEPLOYMENT_TARGET = 8.1;
				MTL_ENABLE_DEBUG_INFO = YES;
				ONLY_ACTIVE_ARCH = YES;
				SDKROOT = iphoneos;
			};
			name = Debug;
		};
		F2C2D9351AAE4B97009E8A72 /* Release */ = {
			isa = XCBuildConfiguration;
			buildSettings = {
				ALWAYS_SEARCH_USER_PATHS = NO;
				CLANG_CXX_LANGUAGE_STANDARD = "gnu++0x";
				CLANG_CXX_LIBRARY = "libc++";
				CLANG_ENABLE_MODULES = YES;
				CLANG_ENABLE_OBJC_ARC = YES;
				CLANG_WARN_BOOL_CONVERSION = YES;
				CLANG_WARN_CONSTANT_CONVERSION = YES;
				CLANG_WARN_DIRECT_OBJC_ISA_USAGE = YES_ERROR;
				CLANG_WARN_EMPTY_BODY = YES;
				CLANG_WARN_ENUM_CONVERSION = YES;
				CLANG_WARN_INT_CONVERSION = YES;
				CLANG_WARN_OBJC_ROOT_CLASS = YES_ERROR;
				CLANG_WARN_UNREACHABLE_CODE = YES;
				CLANG_WARN__DUPLICATE_METHOD_MATCH = YES;
				"CODE_SIGN_IDENTITY[sdk=iphoneos*]" = "iPhone Developer";
				COPY_PHASE_STRIP = YES;
				ENABLE_NS_ASSERTIONS = NO;
				ENABLE_STRICT_OBJC_MSGSEND = YES;
				GCC_C_LANGUAGE_STANDARD = gnu99;
				GCC_WARN_64_TO_32_BIT_CONVERSION = YES;
				GCC_WARN_ABOUT_RETURN_TYPE = YES_ERROR;
				GCC_WARN_UNDECLARED_SELECTOR = YES;
				GCC_WARN_UNINITIALIZED_AUTOS = YES_AGGRESSIVE;
				GCC_WARN_UNUSED_FUNCTION = YES;
				GCC_WARN_UNUSED_VARIABLE = YES;
				IPHONEOS_DEPLOYMENT_TARGET = 8.1;
				MTL_ENABLE_DEBUG_INFO = NO;
				SDKROOT = iphoneos;
				VALIDATE_PRODUCT = YES;
			};
			name = Release;
		};
		F2C2D9371AAE4B97009E8A72 /* Debug */ = {
			isa = XCBuildConfiguration;
			buildSettings = {
				ASSETCATALOG_COMPILER_APPICON_NAME = AppIcon;
				INFOPLIST_FILE = MultiplyChallenge/Info.plist;
				LD_RUNPATH_SEARCH_PATHS = "$(inherited) @executable_path/Frameworks";
				PRODUCT_NAME = "$(TARGET_NAME)";
			};
			name = Debug;
		};
		F2C2D9381AAE4B97009E8A72 /* Release */ = {
			isa = XCBuildConfiguration;
			buildSettings = {
				ASSETCATALOG_COMPILER_APPICON_NAME = AppIcon;
				INFOPLIST_FILE = MultiplyChallenge/Info.plist;
				LD_RUNPATH_SEARCH_PATHS = "$(inherited) @executable_path/Frameworks";
				PRODUCT_NAME = "$(TARGET_NAME)";
			};
			name = Release;
		};
		F2C2D93A1AAE4B97009E8A72 /* Debug */ = {
			isa = XCBuildConfiguration;
			buildSettings = {
				BUNDLE_LOADER = "$(TEST_HOST)";
				FRAMEWORK_SEARCH_PATHS = (
					"$(SDKROOT)/Developer/Library/Frameworks",
					"$(inherited)",
				);
				GCC_PREPROCESSOR_DEFINITIONS = (
					"DEBUG=1",
					"$(inherited)",
				);
				INFOPLIST_FILE = MultiplyChallengeTests/Info.plist;
				LD_RUNPATH_SEARCH_PATHS = "$(inherited) @executable_path/Frameworks @loader_path/Frameworks";
				PRODUCT_NAME = "$(TARGET_NAME)";
				TEST_HOST = "$(BUILT_PRODUCTS_DIR)/MultiplyChallenge.app/MultiplyChallenge";
			};
			name = Debug;
		};
		F2C2D93B1AAE4B97009E8A72 /* Release */ = {
			isa = XCBuildConfiguration;
			buildSettings = {
				BUNDLE_LOADER = "$(TEST_HOST)";
				FRAMEWORK_SEARCH_PATHS = (
					"$(SDKROOT)/Developer/Library/Frameworks",
					"$(inherited)",
				);
				INFOPLIST_FILE = MultiplyChallengeTests/Info.plist;
				LD_RUNPATH_SEARCH_PATHS = "$(inherited) @executable_path/Frameworks @loader_path/Frameworks";
				PRODUCT_NAME = "$(TARGET_NAME)";
				TEST_HOST = "$(BUILT_PRODUCTS_DIR)/MultiplyChallenge.app/MultiplyChallenge";
			};
			name = Release;
		};
/* End XCBuildConfiguration section */

/* Begin XCConfigurationList section */
		F2C2D90E1AAE4B97009E8A72 /* Build configuration list for PBXProject "MultiplyChallenge" */ = {
			isa = XCConfigurationList;
			buildConfigurations = (
				F2C2D9341AAE4B97009E8A72 /* Debug */,
				F2C2D9351AAE4B97009E8A72 /* Release */,
			);
			defaultConfigurationIsVisible = 0;
			defaultConfigurationName = Release;
		};
		F2C2D9361AAE4B97009E8A72 /* Build configuration list for PBXNativeTarget "MultiplyChallenge" */ = {
			isa = XCConfigurationList;
			buildConfigurations = (
				F2C2D9371AAE4B97009E8A72 /* Debug */,
				F2C2D9381AAE4B97009E8A72 /* Release */,
			);
			defaultConfigurationIsVisible = 0;
		};
		F2C2D9391AAE4B97009E8A72 /* Build configuration list for PBXNativeTarget "MultiplyChallengeTests" */ = {
			isa = XCConfigurationList;
			buildConfigurations = (
				F2C2D93A1AAE4B97009E8A72 /* Debug */,
				F2C2D93B1AAE4B97009E8A72 /* Release */,
			);
			defaultConfigurationIsVisible = 0;
		};
/* End XCConfigurationList section */
	};
	rootObject = F2C2D90B1AAE4B97009E8A72 /* Project object */;
}
